
Microsoft Visual Studio Solution File, Format Version 12.00
# Visual Studio Version 17
VisualStudioVersion = 17.14.36414.22 d17.14
MinimumVisualStudioVersion = 10.0.40219.1
Project("{FAE04EC0-301F-11D3-BF4B-00C04F79EFBC}") = "CHUYEN DOI SO THANH CHU", "CHUYEN DOI SO THANH CHU.csproj", "{669CA20E-04C1-4D8B-A220-A1E7170F1E7C}"
EndProject
Global
	GlobalSection(SolutionConfigurationPlatforms) = preSolution
		Debug|Any CPU = Debug|Any CPU
		Release|Any CPU = Release|Any CPU
	EndGlobalSection
	GlobalSection(ProjectConfigurationPlatforms) = postSolution
		{669CA20E-04C1-4D8B-A220-A1E7170F1E7C}.Debug|Any CPU.ActiveCfg = Debug|Any CPU
		{669CA20E-04C1-4D8B-A220-A1E7170F1E7C}.Debug|Any CPU.Build.0 = Debug|Any CPU
		{669CA20E-04C1-4D8B-A220-A1E7170F1E7C}.Release|Any CPU.ActiveCfg = Release|Any CPU
		{669CA20E-04C1-4D8B-A220-A1E7170F1E7C}.Release|Any CPU.Build.0 = Release|Any CPU
	EndGlobalSection
	GlobalSection(SolutionProperties) = preSolution
		HideSolutionNode = FALSE
	EndGlobalSection
	GlobalSection(ExtensibilityGlobals) = postSolution
		SolutionGuid = {7926538A-08CD-4173-850D-DA0D09CFD87F}
	EndGlobalSection
EndGlobal
